<?xml version="1.0" encoding="utf-8"?>
<Project ToolsVersion="4.0" xmlns="http://schemas.microsoft.com/developer/msbuild/2003">
  <ItemGroup>
    <Filter Include="win32">
      <UniqueIdentifier>{84a8ebd7-7cf0-47f6-b75e-d441df67da40}</UniqueIdentifier>
    </Filter>
    <Filter Include="Classes">
      <UniqueIdentifier>{bb6c862e-70e9-49d9-81b7-3829a6f50471}</UniqueIdentifier>
    </Filter>
    <Filter Include="resource">
      <UniqueIdentifier>{715254bc-d70b-4ec5-bf29-467dd3ace079}</UniqueIdentifier>
    </Filter>
    <Filter Include="Classes\tools">
      <UniqueIdentifier>{1a0ebd26-3f77-4759-8372-fbb488fe5b69}</UniqueIdentifier>
    </Filter>
    <Filter Include="Classes\Scene">
      <UniqueIdentifier>{b4490fdc-85c9-4b83-bd0f-ec1b05bddd31}</UniqueIdentifier>
    </Filter>
    <Filter Include="Classes\Framework">
      <UniqueIdentifier>{bab1eb7d-080d-41a1-8497-38cb80ac12d9}</UniqueIdentifier>
    </Filter>
    <Filter Include="Classes\Screen">
      <UniqueIdentifier>{ec7bd7ea-d07e-40b3-9cbb-a97b03f7e0d2}</UniqueIdentifier>
    </Filter>
    <Filter Include="Classes\View">
      <UniqueIdentifier>{4791f9d7-5e7b-4ba2-a74d-af82dccb12f1}</UniqueIdentifier>
    </Filter>
  </ItemGroup>
  <ItemGroup>
    <ClCompile Include="main.cpp">
      <Filter>win32</Filter>
    </ClCompile>
    <ClCompile Include="..\Classes\AppDelegate.cpp">
      <Filter>Classes</Filter>
    </ClCompile>
    <ClCompile Include="..\Classes\MainScene.cpp">
      <Filter>Classes\Scene</Filter>
    </ClCompile>
    <ClCompile Include="..\Classes\Screen.cpp">
      <Filter>Classes\Framework</Filter>
    </ClCompile>
    <ClCompile Include="..\Classes\MainScreen.cpp">
      <Filter>Classes\Screen</Filter>
    </ClCompile>
    <ClCompile Include="..\Classes\MenuView.cpp">
      <Filter>Classes\View</Filter>
    </ClCompile>
  </ItemGroup>
  <ItemGroup>
    <ClInclude Include="main.h">
      <Filter>win32</Filter>
    </ClInclude>
    <ClInclude Include="..\Classes\AppDelegate.h">
      <Filter>Classes</Filter>
    </ClInclude>
    <ClInclude Include="..\Classes\MainScene.h">
      <Filter>Classes\Scene</Filter>
    </ClInclude>
    <ClInclude Include="..\Classes\Screen.h">
      <Filter>Classes\Framework</Filter>
    </ClInclude>
    <ClInclude Include="..\Classes\MainScreen.h">
      <Filter>Classes\Screen</Filter>
    </ClInclude>
    <ClInclude Include="..\Classes\Framework.h">
      <Filter>Classes\Framework</Filter>
    </ClInclude>
    <ClInclude Include="..\Classes\MenuView.h">
      <Filter>Classes\View</Filter>
    </ClInclude>
  </ItemGroup>
  <ItemGroup>
    <ResourceCompile Include="game.rc">
      <Filter>resource</Filter>
    </ResourceCompile>
  </ItemGroup>
</Project>